
Microsoft Visual Studio Solution File, Format Version 12.00
# Visual Studio Version 17
VisualStudioVersion = 17.8.34601.278
MinimumVisualStudioVersion = 10.0.40219.1
Project("{FAE04EC0-301F-11D3-BF4B-00C04F79EFBC}") = "CoreApi", "CoreApi\CoreApi.csproj", "{71330DB1-7C62-4FB5-A67F-308BBBF8140A}"
EndProject
Global
	GlobalSection(SolutionConfigurationPlatforms) = preSolution
		Debug|Any CPU = Debug|Any CPU
		Release|Any CPU = Release|Any CPU
	EndGlobalSection
	GlobalSection(ProjectConfigurationPlatforms) = postSolution
		{71330DB1-7C62-4FB5-A67F-308BBBF8140A}.Debug|Any CPU.ActiveCfg = Debug|Any CPU
		{71330DB1-7C62-4FB5-A67F-308BBBF8140A}.Debug|Any CPU.Build.0 = Debug|Any CPU
		{71330DB1-7C62-4FB5-A67F-308BBBF8140A}.Release|Any CPU.ActiveCfg = Release|Any CPU
		{71330DB1-7C62-4FB5-A67F-308BBBF8140A}.Release|Any CPU.Build.0 = Release|Any CPU
	EndGlobalSection
	GlobalSection(SolutionProperties) = preSolution
		HideSolutionNode = FALSE
	EndGlobalSection
	GlobalSection(ExtensibilityGlobals) = postSolution
		SolutionGuid = {8B96A658-BDDC-49FE-9C75-18920306C60D}
	EndGlobalSection
EndGlobal
